
Microsoft Visual Studio Solution File, Format Version 12.00
# Visual Studio Version 16
VisualStudioVersion = 16.0.29324.140
MinimumVisualStudioVersion = 10.0.40219.1
Project("{FAE04EC0-301F-11D3-BF4B-00C04F79EFBC}") = "RequestsManager", "RequestsManager\RequestsManager.csproj", "{C5E64785-2942-4EFC-BC95-BC31A4AEA595}"
EndProject
Project("{FAE04EC0-301F-11D3-BF4B-00C04F79EFBC}") = "RequestsManagerPlugin", "RequestsManagerPlugin\RequestsManagerPlugin.csproj", "{67EF18EF-174C-4F4F-950D-7E2F2F65B221}"
EndProject
Global
	GlobalSection(SolutionConfigurationPlatforms) = preSolution
		Debug|Any CPU = Debug|Any CPU
		Release|Any CPU = Release|Any CPU
	EndGlobalSection
	GlobalSection(ProjectConfigurationPlatforms) = postSolution
		{C5E64785-2942-4EFC-BC95-BC31A4AEA595}.Debug|Any CPU.ActiveCfg = Debug|Any CPU
		{C5E64785-2942-4EFC-BC95-BC31A4AEA595}.Debug|Any CPU.Build.0 = Debug|Any CPU
		{C5E64785-2942-4EFC-BC95-BC31A4AEA595}.Release|Any CPU.ActiveCfg = Release|Any CPU
		{C5E64785-2942-4EFC-BC95-BC31A4AEA595}.Release|Any CPU.Build.0 = Release|Any CPU
		{67EF18EF-174C-4F4F-950D-7E2F2F65B221}.Debug|Any CPU.ActiveCfg = Debug|Any CPU
		{67EF18EF-174C-4F4F-950D-7E2F2F65B221}.Debug|Any CPU.Build.0 = Debug|Any CPU
		{67EF18EF-174C-4F4F-950D-7E2F2F65B221}.Release|Any CPU.ActiveCfg = Release|Any CPU
		{67EF18EF-174C-4F4F-950D-7E2F2F65B221}.Release|Any CPU.Build.0 = Release|Any CPU
	EndGlobalSection
	GlobalSection(SolutionProperties) = preSolution
		HideSolutionNode = FALSE
	EndGlobalSection
	GlobalSection(ExtensibilityGlobals) = postSolution
		SolutionGuid = {6827A9EA-A334-423A-BE50-0BD8A5F1E843}
	EndGlobalSection
EndGlobal
